
Microsoft Visual Studio Solution File, Format Version 12.00
# Visual Studio Version 17
VisualStudioVersion = 17.7.34018.315
MinimumVisualStudioVersion = 10.0.40219.1
Project("{FAE04EC0-301F-11D3-BF4B-00C04F79EFBC}") = "AxisCommerce.API", "AxisCommerce.API\AxisCommerce.API.csproj", "{3FCD6945-120D-45E9-88E9-7CFD3617D029}"
EndProject
Project("{FAE04EC0-301F-11D3-BF4B-00C04F79EFBC}") = "AxisCommerce.Domain", "AxisCommerce.Domain\AxisCommerce.Domain.csproj", "{CD6C0BA7-A21E-4DFE-A40F-317C817CC571}"
EndProject
Project("{FAE04EC0-301F-11D3-BF4B-00C04F79EFBC}") = "AxisCommerce.Application", "AxisCommerce.Application\AxisCommerce.Application.csproj", "{1A92EC9F-5466-4750-862E-75C589BA303E}"
EndProject
Project("{FAE04EC0-301F-11D3-BF4B-00C04F79EFBC}") = "AxisCommerce.Infrastructure", "AxisCommerce.Infrastructure\AxisCommerce.Infrastructure.csproj", "{1BDAF161-895C-402C-A748-099D443BFB4F}"
EndProject
Global
	GlobalSection(SolutionConfigurationPlatforms) = preSolution
		Debug|Any CPU = Debug|Any CPU
		Release|Any CPU = Release|Any CPU
	EndGlobalSection
	GlobalSection(ProjectConfigurationPlatforms) = postSolution
		{3FCD6945-120D-45E9-88E9-7CFD3617D029}.Debug|Any CPU.ActiveCfg = Debug|Any CPU
		{3FCD6945-120D-45E9-88E9-7CFD3617D029}.Debug|Any CPU.Build.0 = Debug|Any CPU
		{3FCD6945-120D-45E9-88E9-7CFD3617D029}.Release|Any CPU.ActiveCfg = Release|Any CPU
		{3FCD6945-120D-45E9-88E9-7CFD3617D029}.Release|Any CPU.Build.0 = Release|Any CPU
		{CD6C0BA7-A21E-4DFE-A40F-317C817CC571}.Debug|Any CPU.ActiveCfg = Debug|Any CPU
		{CD6C0BA7-A21E-4DFE-A40F-317C817CC571}.Debug|Any CPU.Build.0 = Debug|Any CPU
		{CD6C0BA7-A21E-4DFE-A40F-317C817CC571}.Release|Any CPU.ActiveCfg = Release|Any CPU
		{CD6C0BA7-A21E-4DFE-A40F-317C817CC571}.Release|Any CPU.Build.0 = Release|Any CPU
		{1A92EC9F-5466-4750-862E-75C589BA303E}.Debug|Any CPU.ActiveCfg = Debug|Any CPU
		{1A92EC9F-5466-4750-862E-75C589BA303E}.Debug|Any CPU.Build.0 = Debug|Any CPU
		{1A92EC9F-5466-4750-862E-75C589BA303E}.Release|Any CPU.ActiveCfg = Release|Any CPU
		{1A92EC9F-5466-4750-862E-75C589BA303E}.Release|Any CPU.Build.0 = Release|Any CPU
		{1BDAF161-895C-402C-A748-099D443BFB4F}.Debug|Any CPU.ActiveCfg = Debug|Any CPU
		{1BDAF161-895C-402C-A748-099D443BFB4F}.Debug|Any CPU.Build.0 = Debug|Any CPU
		{1BDAF161-895C-402C-A748-099D443BFB4F}.Release|Any CPU.ActiveCfg = Release|Any CPU
		{1BDAF161-895C-402C-A748-099D443BFB4F}.Release|Any CPU.Build.0 = Release|Any CPU
	EndGlobalSection
	GlobalSection(SolutionProperties) = preSolution
		HideSolutionNode = FALSE
	EndGlobalSection
	GlobalSection(ExtensibilityGlobals) = postSolution
		SolutionGuid = {20A31A0F-2917-4D7A-95B6-FA6370B59093}
	EndGlobalSection
EndGlobal
